
Microsoft Visual Studio Solution File, Format Version 12.00
# Visual Studio 2013
VisualStudioVersion = 12.0.40629.0
MinimumVisualStudioVersion = 10.0.40219.1
Project("{FAE04EC0-301F-11D3-BF4B-00C04F79EFBC}") = "Test1", "Test1\Test1.csproj", "{253A06FE-3C1F-4A23-84FC-B29BFE75BFA5}"
EndProject
Project("{2150E333-8FDC-42A3-9474-1A3956D46DE8}") = "DAL", "DAL", "{8666C244-46F9-4979-B2AE-4AC02FC8A550}"
EndProject
Project("{FAE04EC0-301F-11D3-BF4B-00C04F79EFBC}") = "DataAccessLayer", "DataAccessLayer\DataAccessLayer.csproj", "{CE950190-F56A-41C6-8CA8-1FAAB2658F92}"
EndProject
Project("{2150E333-8FDC-42A3-9474-1A3956D46DE8}") = "Model", "Model", "{49EBB0A6-F975-4154-BBFF-3D9D1AAA4E92}"
EndProject
Project("{FAE04EC0-301F-11D3-BF4B-00C04F79EFBC}") = "BusinessLayer", "BusinessLayer\BusinessLayer.csproj", "{8C6895A9-D828-4A8F-A98B-A6D1A9B1B164}"
EndProject
Project("{FAE04EC0-301F-11D3-BF4B-00C04F79EFBC}") = "BusinessEntities", "BusinessEntities\BusinessEntities.csproj", "{DA7E0F52-EBF7-4601-A7BA-BD8EE32212AF}"
EndProject
Project("{2150E333-8FDC-42A3-9474-1A3956D46DE8}") = "View Model", "View Model", "{CA62CCF1-542E-4074-A0F2-56248900A6F8}"
EndProject
Project("{FAE04EC0-301F-11D3-BF4B-00C04F79EFBC}") = "ViewModel", "ViewModel\ViewModel.csproj", "{4638420D-A802-4363-B833-DCDE178E1BB4}"
EndProject
Project("{2150E333-8FDC-42A3-9474-1A3956D46DE8}") = "View and Controller", "View and Controller", "{CE20B900-D4BE-438A-A10F-DB10D2250410}"
EndProject
Global
	GlobalSection(SolutionConfigurationPlatforms) = preSolution
		Debug|Any CPU = Debug|Any CPU
		Release|Any CPU = Release|Any CPU
	EndGlobalSection
	GlobalSection(ProjectConfigurationPlatforms) = postSolution
		{253A06FE-3C1F-4A23-84FC-B29BFE75BFA5}.Debug|Any CPU.ActiveCfg = Debug|Any CPU
		{253A06FE-3C1F-4A23-84FC-B29BFE75BFA5}.Debug|Any CPU.Build.0 = Debug|Any CPU
		{253A06FE-3C1F-4A23-84FC-B29BFE75BFA5}.Release|Any CPU.ActiveCfg = Release|Any CPU
		{253A06FE-3C1F-4A23-84FC-B29BFE75BFA5}.Release|Any CPU.Build.0 = Release|Any CPU
		{CE950190-F56A-41C6-8CA8-1FAAB2658F92}.Debug|Any CPU.ActiveCfg = Debug|Any CPU
		{CE950190-F56A-41C6-8CA8-1FAAB2658F92}.Debug|Any CPU.Build.0 = Debug|Any CPU
		{CE950190-F56A-41C6-8CA8-1FAAB2658F92}.Release|Any CPU.ActiveCfg = Release|Any CPU
		{CE950190-F56A-41C6-8CA8-1FAAB2658F92}.Release|Any CPU.Build.0 = Release|Any CPU
		{8C6895A9-D828-4A8F-A98B-A6D1A9B1B164}.Debug|Any CPU.ActiveCfg = Debug|Any CPU
		{8C6895A9-D828-4A8F-A98B-A6D1A9B1B164}.Debug|Any CPU.Build.0 = Debug|Any CPU
		{8C6895A9-D828-4A8F-A98B-A6D1A9B1B164}.Release|Any CPU.ActiveCfg = Release|Any CPU
		{8C6895A9-D828-4A8F-A98B-A6D1A9B1B164}.Release|Any CPU.Build.0 = Release|Any CPU
		{DA7E0F52-EBF7-4601-A7BA-BD8EE32212AF}.Debug|Any CPU.ActiveCfg = Debug|Any CPU
		{DA7E0F52-EBF7-4601-A7BA-BD8EE32212AF}.Debug|Any CPU.Build.0 = Debug|Any CPU
		{DA7E0F52-EBF7-4601-A7BA-BD8EE32212AF}.Release|Any CPU.ActiveCfg = Release|Any CPU
		{DA7E0F52-EBF7-4601-A7BA-BD8EE32212AF}.Release|Any CPU.Build.0 = Release|Any CPU
		{4638420D-A802-4363-B833-DCDE178E1BB4}.Debug|Any CPU.ActiveCfg = Debug|Any CPU
		{4638420D-A802-4363-B833-DCDE178E1BB4}.Debug|Any CPU.Build.0 = Debug|Any CPU
		{4638420D-A802-4363-B833-DCDE178E1BB4}.Release|Any CPU.ActiveCfg = Release|Any CPU
		{4638420D-A802-4363-B833-DCDE178E1BB4}.Release|Any CPU.Build.0 = Release|Any CPU
	EndGlobalSection
	GlobalSection(SolutionProperties) = preSolution
		HideSolutionNode = FALSE
	EndGlobalSection
	GlobalSection(NestedProjects) = preSolution
		{253A06FE-3C1F-4A23-84FC-B29BFE75BFA5} = {CE20B900-D4BE-438A-A10F-DB10D2250410}
		{CE950190-F56A-41C6-8CA8-1FAAB2658F92} = {8666C244-46F9-4979-B2AE-4AC02FC8A550}
		{8C6895A9-D828-4A8F-A98B-A6D1A9B1B164} = {49EBB0A6-F975-4154-BBFF-3D9D1AAA4E92}
		{DA7E0F52-EBF7-4601-A7BA-BD8EE32212AF} = {49EBB0A6-F975-4154-BBFF-3D9D1AAA4E92}
		{4638420D-A802-4363-B833-DCDE178E1BB4} = {CA62CCF1-542E-4074-A0F2-56248900A6F8}
	EndGlobalSection
EndGlobal
